
Microsoft Visual Studio Solution File, Format Version 12.00
# Visual Studio Version 17
VisualStudioVersion = 17.0.31903.59
MinimumVisualStudioVersion = 10.0.40219.1
Project("{FAE04EC0-301F-11D3-BF4B-00C04F79EFBC}") = "EvoVerse", "EvoVerse.csproj", "{B2AFA7B0-1A8D-460B-B128-7EF1BDEFC974}"
EndProject
Project("{FAE04EC0-301F-11D3-BF4B-00C04F79EFBC}") = "EvoVerse.Tests", "EvoVerse.Tests\EvoVerse.Tests.csproj", "{ECE72023-4FF1-4306-9198-CBC67CC2A570}"
EndProject
Global
	GlobalSection(SolutionConfigurationPlatforms) = preSolution
		Debug|Any CPU = Debug|Any CPU
		Debug|x64 = Debug|x64
		Debug|x86 = Debug|x86
		Release|Any CPU = Release|Any CPU
		Release|x64 = Release|x64
		Release|x86 = Release|x86
	EndGlobalSection
	GlobalSection(ProjectConfigurationPlatforms) = postSolution
		{B2AFA7B0-1A8D-460B-B128-7EF1BDEFC974}.Debug|Any CPU.ActiveCfg = Debug|Any CPU
		{B2AFA7B0-1A8D-460B-B128-7EF1BDEFC974}.Debug|Any CPU.Build.0 = Debug|Any CPU
		{B2AFA7B0-1A8D-460B-B128-7EF1BDEFC974}.Debug|x64.ActiveCfg = Debug|Any CPU
		{B2AFA7B0-1A8D-460B-B128-7EF1BDEFC974}.Debug|x64.Build.0 = Debug|Any CPU
		{B2AFA7B0-1A8D-460B-B128-7EF1BDEFC974}.Debug|x86.ActiveCfg = Debug|Any CPU
		{B2AFA7B0-1A8D-460B-B128-7EF1BDEFC974}.Debug|x86.Build.0 = Debug|Any CPU
		{B2AFA7B0-1A8D-460B-B128-7EF1BDEFC974}.Release|Any CPU.ActiveCfg = Release|Any CPU
		{B2AFA7B0-1A8D-460B-B128-7EF1BDEFC974}.Release|Any CPU.Build.0 = Release|Any CPU
		{B2AFA7B0-1A8D-460B-B128-7EF1BDEFC974}.Release|x64.ActiveCfg = Release|Any CPU
		{B2AFA7B0-1A8D-460B-B128-7EF1BDEFC974}.Release|x64.Build.0 = Release|Any CPU
		{B2AFA7B0-1A8D-460B-B128-7EF1BDEFC974}.Release|x86.ActiveCfg = Release|Any CPU
		{B2AFA7B0-1A8D-460B-B128-7EF1BDEFC974}.Release|x86.Build.0 = Release|Any CPU
		{ECE72023-4FF1-4306-9198-CBC67CC2A570}.Debug|Any CPU.ActiveCfg = Debug|Any CPU
		{ECE72023-4FF1-4306-9198-CBC67CC2A570}.Debug|Any CPU.Build.0 = Debug|Any CPU
		{ECE72023-4FF1-4306-9198-CBC67CC2A570}.Debug|x64.ActiveCfg = Debug|Any CPU
		{ECE72023-4FF1-4306-9198-CBC67CC2A570}.Debug|x64.Build.0 = Debug|Any CPU
		{ECE72023-4FF1-4306-9198-CBC67CC2A570}.Debug|x86.ActiveCfg = Debug|Any CPU
		{ECE72023-4FF1-4306-9198-CBC67CC2A570}.Debug|x86.Build.0 = Debug|Any CPU
		{ECE72023-4FF1-4306-9198-CBC67CC2A570}.Release|Any CPU.ActiveCfg = Release|Any CPU
		{ECE72023-4FF1-4306-9198-CBC67CC2A570}.Release|Any CPU.Build.0 = Release|Any CPU
		{ECE72023-4FF1-4306-9198-CBC67CC2A570}.Release|x64.ActiveCfg = Release|Any CPU
		{ECE72023-4FF1-4306-9198-CBC67CC2A570}.Release|x64.Build.0 = Release|Any CPU
		{ECE72023-4FF1-4306-9198-CBC67CC2A570}.Release|x86.ActiveCfg = Release|Any CPU
		{ECE72023-4FF1-4306-9198-CBC67CC2A570}.Release|x86.Build.0 = Release|Any CPU
	EndGlobalSection
	GlobalSection(SolutionProperties) = preSolution
		HideSolutionNode = FALSE
	EndGlobalSection
EndGlobal
